// !$*UTF8*$!
{
	archiveVersion = 1;
	classes = {
	};
	objectVersion = 56;
	objects = {

/* Begin PBXBuildFile section */
		22052E0D2C11E0A2001AC0A2 /* YumemiWeather in Frameworks */ = {isa = PBXBuildFile; productRef = 22052E0C2C11E0A2001AC0A2 /* YumemiWeather */; };
		22052E102C11E2E8001AC0A2 /* WeatherManager.swift in Sources */ = {isa = PBXBuildFile; fileRef = 22052E0F2C11E2E8001AC0A2 /* WeatherManager.swift */; };
		22B49CF22BFE2275004EF67D /* AppDelegate.swift in Sources */ = {isa = PBXBuildFile; fileRef = 22B49CF12BFE2275004EF67D /* AppDelegate.swift */; };
		22B49CF42BFE2275004EF67D /* SceneDelegate.swift in Sources */ = {isa = PBXBuildFile; fileRef = 22B49CF32BFE2275004EF67D /* SceneDelegate.swift */; };
		22B49CF62BFE2275004EF67D /* ViewController.swift in Sources */ = {isa = PBXBuildFile; fileRef = 22B49CF52BFE2275004EF67D /* ViewController.swift */; };
		22B49CF92BFE2275004EF67D /* Base in Resources */ = {isa = PBXBuildFile; fileRef = 22B49CF82BFE2275004EF67D /* Base */; };
		22B49CFB2BFE2276004EF67D /* Assets.xcassets in Resources */ = {isa = PBXBuildFile; fileRef = 22B49CFA2BFE2276004EF67D /* Assets.xcassets */; };
		22B49CFE2BFE2276004EF67D /* Base in Resources */ = {isa = PBXBuildFile; fileRef = 22B49CFD2BFE2276004EF67D /* Base */; };
		22B5DD1A2C187637005D5031 /* NewViewController.swift in Sources */ = {isa = PBXBuildFile; fileRef = 22B5DD192C187637005D5031 /* NewViewController.swift */; };
		22DA09A62C158E89001ABC14 /* WeatherModel.swift in Sources */ = {isa = PBXBuildFile; fileRef = 22DA09A52C158E89001ABC14 /* WeatherModel.swift */; };
		22DA09A82C15CF19001ABC14 /* WeatherData.swift in Sources */ = {isa = PBXBuildFile; fileRef = 22DA09A72C15CF19001ABC14 /* WeatherData.swift */; };
		22F2573A2C2AEE68007D9A47 /* IOSTrainingTests.swift in Sources */ = {isa = PBXBuildFile; fileRef = 22F257392C2AEE68007D9A47 /* IOSTrainingTests.swift */; };
/* End PBXBuildFile section */

/* Begin PBXContainerItemProxy section */
		22F2573B2C2AEE68007D9A47 /* PBXContainerItemProxy */ = {
			isa = PBXContainerItemProxy;
			containerPortal = 22B49CE62BFE2275004EF67D /* Project object */;
			proxyType = 1;
			remoteGlobalIDString = 22B49CED2BFE2275004EF67D;
			remoteInfo = IOSTraining;
		};
/* End PBXContainerItemProxy section */

/* Begin PBXFileReference section */
		22052E0F2C11E2E8001AC0A2 /* WeatherManager.swift */ = {isa = PBXFileReference; lastKnownFileType = sourcecode.swift; path = WeatherManager.swift; sourceTree = "<group>"; };
		22B49CEE2BFE2275004EF67D /* IOSTraining.app */ = {isa = PBXFileReference; explicitFileType = wrapper.application; includeInIndex = 0; path = IOSTraining.app; sourceTree = BUILT_PRODUCTS_DIR; };
		22B49CF12BFE2275004EF67D /* AppDelegate.swift */ = {isa = PBXFileReference; lastKnownFileType = sourcecode.swift; path = AppDelegate.swift; sourceTree = "<group>"; };
		22B49CF32BFE2275004EF67D /* SceneDelegate.swift */ = {isa = PBXFileReference; lastKnownFileType = sourcecode.swift; path = SceneDelegate.swift; sourceTree = "<group>"; };
		22B49CF52BFE2275004EF67D /* ViewController.swift */ = {isa = PBXFileReference; lastKnownFileType = sourcecode.swift; path = ViewController.swift; sourceTree = "<group>"; };
		22B49CF82BFE2275004EF67D /* Base */ = {isa = PBXFileReference; lastKnownFileType = file.storyboard; name = Base; path = Base.lproj/Main.storyboard; sourceTree = "<group>"; };
		22B49CFA2BFE2276004EF67D /* Assets.xcassets */ = {isa = PBXFileReference; lastKnownFileType = folder.assetcatalog; path = Assets.xcassets; sourceTree = "<group>"; };
		22B49CFD2BFE2276004EF67D /* Base */ = {isa = PBXFileReference; lastKnownFileType = file.storyboard; name = Base; path = Base.lproj/LaunchScreen.storyboard; sourceTree = "<group>"; };
		22B49CFF2BFE2276004EF67D /* Info.plist */ = {isa = PBXFileReference; lastKnownFileType = text.plist.xml; path = Info.plist; sourceTree = "<group>"; };
		22B5DD192C187637005D5031 /* NewViewController.swift */ = {isa = PBXFileReference; lastKnownFileType = sourcecode.swift; path = NewViewController.swift; sourceTree = "<group>"; };
		22DA09A52C158E89001ABC14 /* WeatherModel.swift */ = {isa = PBXFileReference; lastKnownFileType = sourcecode.swift; path = WeatherModel.swift; sourceTree = "<group>"; };
		22DA09A72C15CF19001ABC14 /* WeatherData.swift */ = {isa = PBXFileReference; lastKnownFileType = sourcecode.swift; path = WeatherData.swift; sourceTree = "<group>"; };
		22F257372C2AEE68007D9A47 /* IOSTrainingTests.xctest */ = {isa = PBXFileReference; explicitFileType = wrapper.cfbundle; includeInIndex = 0; path = IOSTrainingTests.xctest; sourceTree = BUILT_PRODUCTS_DIR; };
		22F257392C2AEE68007D9A47 /* IOSTrainingTests.swift */ = {isa = PBXFileReference; lastKnownFileType = sourcecode.swift; path = IOSTrainingTests.swift; sourceTree = "<group>"; };
/* End PBXFileReference section */

/* Begin PBXFrameworksBuildPhase section */
		22B49CEB2BFE2275004EF67D /* Frameworks */ = {
			isa = PBXFrameworksBuildPhase;
			buildActionMask = 2147483647;
			files = (
				22052E0D2C11E0A2001AC0A2 /* YumemiWeather in Frameworks */,
			);
			runOnlyForDeploymentPostprocessing = 0;
		};
		22F257342C2AEE68007D9A47 /* Frameworks */ = {
			isa = PBXFrameworksBuildPhase;
			buildActionMask = 2147483647;
			files = (
			);
			runOnlyForDeploymentPostprocessing = 0;
		};
/* End PBXFrameworksBuildPhase section */

/* Begin PBXGroup section */
		22052E0E2C11E1B3001AC0A2 /* Model */ = {
			isa = PBXGroup;
			children = (
				22052E0F2C11E2E8001AC0A2 /* WeatherManager.swift */,
				22DA09A52C158E89001ABC14 /* WeatherModel.swift */,
				22DA09A72C15CF19001ABC14 /* WeatherData.swift */,
			);
			path = Model;
			sourceTree = "<group>";
		};
		22B49CE52BFE2275004EF67D = {
			isa = PBXGroup;
			children = (
				22B49CF02BFE2275004EF67D /* IOSTraining */,
				22F257382C2AEE68007D9A47 /* IOSTrainingTests */,
				22B49CEF2BFE2275004EF67D /* Products */,
			);
			sourceTree = "<group>";
		};
		22B49CEF2BFE2275004EF67D /* Products */ = {
			isa = PBXGroup;
			children = (
				22B49CEE2BFE2275004EF67D /* IOSTraining.app */,
				22F257372C2AEE68007D9A47 /* IOSTrainingTests.xctest */,
			);
			name = Products;
			sourceTree = "<group>";
		};
		22B49CF02BFE2275004EF67D /* IOSTraining */ = {
			isa = PBXGroup;
			children = (
				22B49CF12BFE2275004EF67D /* AppDelegate.swift */,
				22B49CF32BFE2275004EF67D /* SceneDelegate.swift */,
				22052E0E2C11E1B3001AC0A2 /* Model */,
				22D2DB5E2BFE9942008F06EC /* View */,
				22B49D052BFE26E5004EF67D /* Controller */,
				22B49CFA2BFE2276004EF67D /* Assets.xcassets */,
				22B49CFC2BFE2276004EF67D /* LaunchScreen.storyboard */,
				22B49CFF2BFE2276004EF67D /* Info.plist */,
			);
			path = IOSTraining;
			sourceTree = "<group>";
		};
		22B49D052BFE26E5004EF67D /* Controller */ = {
			isa = PBXGroup;
			children = (
				22B49CF52BFE2275004EF67D /* ViewController.swift */,
				22B5DD192C187637005D5031 /* NewViewController.swift */,
			);
			path = Controller;
			sourceTree = "<group>";
		};
		22D2DB5E2BFE9942008F06EC /* View */ = {
			isa = PBXGroup;
			children = (
				22B49CF72BFE2275004EF67D /* Main.storyboard */,
			);
			path = View;
			sourceTree = "<group>";
		};
		22F257382C2AEE68007D9A47 /* IOSTrainingTests */ = {
			isa = PBXGroup;
			children = (
				22F257392C2AEE68007D9A47 /* IOSTrainingTests.swift */,
			);
			path = IOSTrainingTests;
			sourceTree = "<group>";
		};
/* End PBXGroup section */

/* Begin PBXNativeTarget section */
		22B49CED2BFE2275004EF67D /* IOSTraining */ = {
			isa = PBXNativeTarget;
			buildConfigurationList = 22B49D022BFE2276004EF67D /* Build configuration list for PBXNativeTarget "IOSTraining" */;
			buildPhases = (
				22B49CEA2BFE2275004EF67D /* Sources */,
				22B49CEB2BFE2275004EF67D /* Frameworks */,
				22B49CEC2BFE2275004EF67D /* Resources */,
			);
			buildRules = (
			);
			dependencies = (
			);
			name = IOSTraining;
			packageProductDependencies = (
				22052E0C2C11E0A2001AC0A2 /* YumemiWeather */,
			);
			productName = IOSTraining;
			productReference = 22B49CEE2BFE2275004EF67D /* IOSTraining.app */;
			productType = "com.apple.product-type.application";
		};
		22F257362C2AEE68007D9A47 /* IOSTrainingTests */ = {
			isa = PBXNativeTarget;
			buildConfigurationList = 22F2573F2C2AEE68007D9A47 /* Build configuration list for PBXNativeTarget "IOSTrainingTests" */;
			buildPhases = (
				22F257332C2AEE68007D9A47 /* Sources */,
				22F257342C2AEE68007D9A47 /* Frameworks */,
				22F257352C2AEE68007D9A47 /* Resources */,
			);
			buildRules = (
			);
			dependencies = (
				22F2573C2C2AEE68007D9A47 /* PBXTargetDependency */,
			);
			name = IOSTrainingTests;
			productName = IOSTrainingTests;
			productReference = 22F257372C2AEE68007D9A47 /* IOSTrainingTests.xctest */;
			productType = "com.apple.product-type.bundle.unit-test";
		};
/* End PBXNativeTarget section */

/* Begin PBXProject section */
		22B49CE62BFE2275004EF67D /* Project object */ = {
			isa = PBXProject;
			attributes = {
				BuildIndependentTargetsInParallel = 1;
				LastSwiftUpdateCheck = 1540;
				LastUpgradeCheck = 1530;
				TargetAttributes = {
					22B49CED2BFE2275004EF67D = {
						CreatedOnToolsVersion = 15.3;
					};
					22F257362C2AEE68007D9A47 = {
						CreatedOnToolsVersion = 15.4;
						TestTargetID = 22B49CED2BFE2275004EF67D;
					};
				};
			};
			buildConfigurationList = 22B49CE92BFE2275004EF67D /* Build configuration list for PBXProject "IOSTraining" */;
			compatibilityVersion = "Xcode 14.0";
			developmentRegion = en;
			hasScannedForEncodings = 0;
			knownRegions = (
				en,
				Base,
			);
			mainGroup = 22B49CE52BFE2275004EF67D;
			packageReferences = (
				22052E0B2C11E0A2001AC0A2 /* XCRemoteSwiftPackageReference "ios-training" */,
			);
			productRefGroup = 22B49CEF2BFE2275004EF67D /* Products */;
			projectDirPath = "";
			projectRoot = "";
			targets = (
				22B49CED2BFE2275004EF67D /* IOSTraining */,
				22F257362C2AEE68007D9A47 /* IOSTrainingTests */,
			);
		};
/* End PBXProject section */

/* Begin PBXResourcesBuildPhase section */
		22B49CEC2BFE2275004EF67D /* Resources */ = {
			isa = PBXResourcesBuildPhase;
			buildActionMask = 2147483647;
			files = (
				22B49CFB2BFE2276004EF67D /* Assets.xcassets in Resources */,
				22B49CFE2BFE2276004EF67D /* Base in Resources */,
				22B49CF92BFE2275004EF67D /* Base in Resources */,
			);
			runOnlyForDeploymentPostprocessing = 0;
		};
		22F257352C2AEE68007D9A47 /* Resources */ = {
			isa = PBXResourcesBuildPhase;
			buildActionMask = 2147483647;
			files = (
			);
			runOnlyForDeploymentPostprocessing = 0;
		};
/* End PBXResourcesBuildPhase section */

/* Begin PBXSourcesBuildPhase section */
		22B49CEA2BFE2275004EF67D /* Sources */ = {
			isa = PBXSourcesBuildPhase;
			buildActionMask = 2147483647;
			files = (
				22B49CF62BFE2275004EF67D /* ViewController.swift in Sources */,
				22B49CF22BFE2275004EF67D /* AppDelegate.swift in Sources */,
				22B5DD1A2C187637005D5031 /* NewViewController.swift in Sources */,
				22052E102C11E2E8001AC0A2 /* WeatherManager.swift in Sources */,
				22B49CF42BFE2275004EF67D /* SceneDelegate.swift in Sources */,
				22DA09A82C15CF19001ABC14 /* WeatherData.swift in Sources */,
				22DA09A62C158E89001ABC14 /* WeatherModel.swift in Sources */,
			);
			runOnlyForDeploymentPostprocessing = 0;
		};
		22F257332C2AEE68007D9A47 /* Sources */ = {
			isa = PBXSourcesBuildPhase;
			buildActionMask = 2147483647;
			files = (
				22F2573A2C2AEE68007D9A47 /* IOSTrainingTests.swift in Sources */,
			);
			runOnlyForDeploymentPostprocessing = 0;
		};
/* End PBXSourcesBuildPhase section */

/* Begin PBXTargetDependency section */
		22F2573C2C2AEE68007D9A47 /* PBXTargetDependency */ = {
			isa = PBXTargetDependency;
			target = 22B49CED2BFE2275004EF67D /* IOSTraining */;
			targetProxy = 22F2573B2C2AEE68007D9A47 /* PBXContainerItemProxy */;
		};
/* End PBXTargetDependency section */

/* Begin PBXVariantGroup section */
		22B49CF72BFE2275004EF67D /* Main.storyboard */ = {
			isa = PBXVariantGroup;
			children = (
				22B49CF82BFE2275004EF67D /* Base */,
			);
			name = Main.storyboard;
			sourceTree = "<group>";
		};
		22B49CFC2BFE2276004EF67D /* LaunchScreen.storyboard */ = {
			isa = PBXVariantGroup;
			children = (
				22B49CFD2BFE2276004EF67D /* Base */,
			);
			name = LaunchScreen.storyboard;
			sourceTree = "<group>";
		};
/* End PBXVariantGroup section */

/* Begin XCBuildConfiguration section */
		22B49D002BFE2276004EF67D /* Debug */ = {
			isa = XCBuildConfiguration;
			buildSettings = {
				ALWAYS_SEARCH_USER_PATHS = NO;
				ASSETCATALOG_COMPILER_GENERATE_SWIFT_ASSET_SYMBOL_EXTENSIONS = YES;
				CLANG_ANALYZER_NONNULL = YES;
				CLANG_ANALYZER_NUMBER_OBJECT_CONVERSION = YES_AGGRESSIVE;
				CLANG_CXX_LANGUAGE_STANDARD = "gnu++20";
				CLANG_ENABLE_MODULES = YES;
				CLANG_ENABLE_OBJC_ARC = YES;
				CLANG_ENABLE_OBJC_WEAK = YES;
				CLANG_WARN_BLOCK_CAPTURE_AUTORELEASING = YES;
				CLANG_WARN_BOOL_CONVERSION = YES;
				CLANG_WARN_COMMA = YES;
				CLANG_WARN_CONSTANT_CONVERSION = YES;
				CLANG_WARN_DEPRECATED_OBJC_IMPLEMENTATIONS = YES;
				CLANG_WARN_DIRECT_OBJC_ISA_USAGE = YES_ERROR;
				CLANG_WARN_DOCUMENTATION_COMMENTS = YES;
				CLANG_WARN_EMPTY_BODY = YES;
				CLANG_WARN_ENUM_CONVERSION = YES;
				CLANG_WARN_INFINITE_RECURSION = YES;
				CLANG_WARN_INT_CONVERSION = YES;
				CLANG_WARN_NON_LITERAL_NULL_CONVERSION = YES;
				CLANG_WARN_OBJC_IMPLICIT_RETAIN_SELF = YES;
				CLANG_WARN_OBJC_LITERAL_CONVERSION = YES;
				CLANG_WARN_OBJC_ROOT_CLASS = YES_ERROR;
				CLANG_WARN_QUOTED_INCLUDE_IN_FRAMEWORK_HEADER = YES;
				CLANG_WARN_RANGE_LOOP_ANALYSIS = YES;
				CLANG_WARN_STRICT_PROTOTYPES = YES;
				CLANG_WARN_SUSPICIOUS_MOVE = YES;
				CLANG_WARN_UNGUARDED_AVAILABILITY = YES_AGGRESSIVE;
				CLANG_WARN_UNREACHABLE_CODE = YES;
				CLANG_WARN__DUPLICATE_METHOD_MATCH = YES;
				COPY_PHASE_STRIP = NO;
				DEBUG_INFORMATION_FORMAT = dwarf;
				ENABLE_STRICT_OBJC_MSGSEND = YES;
				ENABLE_TESTABILITY = YES;
				ENABLE_USER_SCRIPT_SANDBOXING = YES;
				GCC_C_LANGUAGE_STANDARD = gnu17;
				GCC_DYNAMIC_NO_PIC = NO;
				GCC_NO_COMMON_BLOCKS = YES;
				GCC_OPTIMIZATION_LEVEL = 0;
				GCC_PREPROCESSOR_DEFINITIONS = (
					"DEBUG=1",
					"$(inherited)",
				);
				GCC_WARN_64_TO_32_BIT_CONVERSION = YES;
				GCC_WARN_ABOUT_RETURN_TYPE = YES_ERROR;
				GCC_WARN_UNDECLARED_SELECTOR = YES;
				GCC_WARN_UNINITIALIZED_AUTOS = YES_AGGRESSIVE;
				GCC_WARN_UNUSED_FUNCTION = YES;
				GCC_WARN_UNUSED_VARIABLE = YES;
				IPHONEOS_DEPLOYMENT_TARGET = 17.4;
				LOCALIZATION_PREFERS_STRING_CATALOGS = YES;
				MTL_ENABLE_DEBUG_INFO = INCLUDE_SOURCE;
				MTL_FAST_MATH = YES;
				ONLY_ACTIVE_ARCH = YES;
				SDKROOT = iphoneos;
				SWIFT_ACTIVE_COMPILATION_CONDITIONS = "DEBUG $(inherited)";
				SWIFT_OPTIMIZATION_LEVEL = "-Onone";
			};
			name = Debug;
		};
		22B49D012BFE2276004EF67D /* Release */ = {
			isa = XCBuildConfiguration;
			buildSettings = {
				ALWAYS_SEARCH_USER_PATHS = NO;
				ASSETCATALOG_COMPILER_GENERATE_SWIFT_ASSET_SYMBOL_EXTENSIONS = YES;
				CLANG_ANALYZER_NONNULL = YES;
				CLANG_ANALYZER_NUMBER_OBJECT_CONVERSION = YES_AGGRESSIVE;
				CLANG_CXX_LANGUAGE_STANDARD = "gnu++20";
				CLANG_ENABLE_MODULES = YES;
				CLANG_ENABLE_OBJC_ARC = YES;
				CLANG_ENABLE_OBJC_WEAK = YES;
				CLANG_WARN_BLOCK_CAPTURE_AUTORELEASING = YES;
				CLANG_WARN_BOOL_CONVERSION = YES;
				CLANG_WARN_COMMA = YES;
				CLANG_WARN_CONSTANT_CONVERSION = YES;
				CLANG_WARN_DEPRECATED_OBJC_IMPLEMENTATIONS = YES;
				CLANG_WARN_DIRECT_OBJC_ISA_USAGE = YES_ERROR;
				CLANG_WARN_DOCUMENTATION_COMMENTS = YES;
				CLANG_WARN_EMPTY_BODY = YES;
				CLANG_WARN_ENUM_CONVERSION = YES;
				CLANG_WARN_INFINITE_RECURSION = YES;
				CLANG_WARN_INT_CONVERSION = YES;
				CLANG_WARN_NON_LITERAL_NULL_CONVERSION = YES;
				CLANG_WARN_OBJC_IMPLICIT_RETAIN_SELF = YES;
				CLANG_WARN_OBJC_LITERAL_CONVERSION = YES;
				CLANG_WARN_OBJC_ROOT_CLASS = YES_ERROR;
				CLANG_WARN_QUOTED_INCLUDE_IN_FRAMEWORK_HEADER = YES;
				CLANG_WARN_RANGE_LOOP_ANALYSIS = YES;
				CLANG_WARN_STRICT_PROTOTYPES = YES;
				CLANG_WARN_SUSPICIOUS_MOVE = YES;
				CLANG_WARN_UNGUARDED_AVAILABILITY = YES_AGGRESSIVE;
				CLANG_WARN_UNREACHABLE_CODE = YES;
				CLANG_WARN__DUPLICATE_METHOD_MATCH = YES;
				COPY_PHASE_STRIP = NO;
				DEBUG_INFORMATION_FORMAT = "dwarf-with-dsym";
				ENABLE_NS_ASSERTIONS = NO;
				ENABLE_STRICT_OBJC_MSGSEND = YES;
				ENABLE_USER_SCRIPT_SANDBOXING = YES;
				GCC_C_LANGUAGE_STANDARD = gnu17;
				GCC_NO_COMMON_BLOCKS = YES;
				GCC_WARN_64_TO_32_BIT_CONVERSION = YES;
				GCC_WARN_ABOUT_RETURN_TYPE = YES_ERROR;
				GCC_WARN_UNDECLARED_SELECTOR = YES;
				GCC_WARN_UNINITIALIZED_AUTOS = YES_AGGRESSIVE;
				GCC_WARN_UNUSED_FUNCTION = YES;
				GCC_WARN_UNUSED_VARIABLE = YES;
				IPHONEOS_DEPLOYMENT_TARGET = 17.4;
				LOCALIZATION_PREFERS_STRING_CATALOGS = YES;
				MTL_ENABLE_DEBUG_INFO = NO;
				MTL_FAST_MATH = YES;
				SDKROOT = iphoneos;
				SWIFT_COMPILATION_MODE = wholemodule;
				VALIDATE_PRODUCT = YES;
			};
			name = Release;
		};
		22B49D032BFE2276004EF67D /* Debug */ = {
			isa = XCBuildConfiguration;
			buildSettings = {
				ASSETCATALOG_COMPILER_APPICON_NAME = AppIcon;
				ASSETCATALOG_COMPILER_GLOBAL_ACCENT_COLOR_NAME = AccentColor;
				CODE_SIGN_STYLE = Automatic;
				CURRENT_PROJECT_VERSION = 1;
				GENERATE_INFOPLIST_FILE = YES;
				INFOPLIST_FILE = IOSTraining/Info.plist;
				INFOPLIST_KEY_UIApplicationSupportsIndirectInputEvents = YES;
				INFOPLIST_KEY_UILaunchStoryboardName = LaunchScreen;
				INFOPLIST_KEY_UIMainStoryboardFile = Main;
				INFOPLIST_KEY_UISupportedInterfaceOrientations_iPad = "UIInterfaceOrientationPortrait UIInterfaceOrientationPortraitUpsideDown UIInterfaceOrientationLandscapeLeft UIInterfaceOrientationLandscapeRight";
				INFOPLIST_KEY_UISupportedInterfaceOrientations_iPhone = "UIInterfaceOrientationPortrait UIInterfaceOrientationLandscapeLeft UIInterfaceOrientationLandscapeRight";
				LD_RUNPATH_SEARCH_PATHS = (
					"$(inherited)",
					"@executable_path/Frameworks",
				);
				MARKETING_VERSION = 1.0;
				PRODUCT_BUNDLE_IDENTIFIER = nara.com.IOSTraining;
				PRODUCT_NAME = "$(TARGET_NAME)";
				SWIFT_EMIT_LOC_STRINGS = YES;
				SWIFT_VERSION = 5.0;
				TARGETED_DEVICE_FAMILY = "1,2";
			};
			name = Debug;
		};
		22B49D042BFE2276004EF67D /* Release */ = {
			isa = XCBuildConfiguration;
			buildSettings = {
				ASSETCATALOG_COMPILER_APPICON_NAME = AppIcon;
				ASSETCATALOG_COMPILER_GLOBAL_ACCENT_COLOR_NAME = AccentColor;
				CODE_SIGN_STYLE = Automatic;
				CURRENT_PROJECT_VERSION = 1;
				GENERATE_INFOPLIST_FILE = YES;
				INFOPLIST_FILE = IOSTraining/Info.plist;
				INFOPLIST_KEY_UIApplicationSupportsIndirectInputEvents = YES;
				INFOPLIST_KEY_UILaunchStoryboardName = LaunchScreen;
				INFOPLIST_KEY_UIMainStoryboardFile = Main;
				INFOPLIST_KEY_UISupportedInterfaceOrientations_iPad = "UIInterfaceOrientationPortrait UIInterfaceOrientationPortraitUpsideDown UIInterfaceOrientationLandscapeLeft UIInterfaceOrientationLandscapeRight";
				INFOPLIST_KEY_UISupportedInterfaceOrientations_iPhone = "UIInterfaceOrientationPortrait UIInterfaceOrientationLandscapeLeft UIInterfaceOrientationLandscapeRight";
				LD_RUNPATH_SEARCH_PATHS = (
					"$(inherited)",
					"@executable_path/Frameworks",
				);
				MARKETING_VERSION = 1.0;
				PRODUCT_BUNDLE_IDENTIFIER = nara.com.IOSTraining;
				PRODUCT_NAME = "$(TARGET_NAME)";
				SWIFT_EMIT_LOC_STRINGS = YES;
				SWIFT_VERSION = 5.0;
				TARGETED_DEVICE_FAMILY = "1,2";
			};
			name = Release;
		};
		22F2573D2C2AEE68007D9A47 /* Debug */ = {
			isa = XCBuildConfiguration;
			buildSettings = {
				BUNDLE_LOADER = "$(TEST_HOST)";
				CODE_SIGN_STYLE = Automatic;
				CURRENT_PROJECT_VERSION = 1;
				GENERATE_INFOPLIST_FILE = YES;
				IPHONEOS_DEPLOYMENT_TARGET = 17.5;
				MARKETING_VERSION = 1.0;
				PRODUCT_BUNDLE_IDENTIFIER = nara.com.IOSTrainingTests;
				PRODUCT_NAME = "$(TARGET_NAME)";
				SWIFT_EMIT_LOC_STRINGS = NO;
				SWIFT_VERSION = 5.0;
				TARGETED_DEVICE_FAMILY = "1,2";
				TEST_HOST = "$(BUILT_PRODUCTS_DIR)/IOSTraining.app/$(BUNDLE_EXECUTABLE_FOLDER_PATH)/IOSTraining";
			};
			name = Debug;
		};
		22F2573E2C2AEE68007D9A47 /* Release */ = {
			isa = XCBuildConfiguration;
			buildSettings = {
				BUNDLE_LOADER = "$(TEST_HOST)";
				CODE_SIGN_STYLE = Automatic;
				CURRENT_PROJECT_VERSION = 1;
				GENERATE_INFOPLIST_FILE = YES;
				IPHONEOS_DEPLOYMENT_TARGET = 17.5;
				MARKETING_VERSION = 1.0;
				PRODUCT_BUNDLE_IDENTIFIER = nara.com.IOSTrainingTests;
				PRODUCT_NAME = "$(TARGET_NAME)";
				SWIFT_EMIT_LOC_STRINGS = NO;
				SWIFT_VERSION = 5.0;
				TARGETED_DEVICE_FAMILY = "1,2";
				TEST_HOST = "$(BUILT_PRODUCTS_DIR)/IOSTraining.app/$(BUNDLE_EXECUTABLE_FOLDER_PATH)/IOSTraining";
			};
			name = Release;
		};
/* End XCBuildConfiguration section */

/* Begin XCConfigurationList section */
		22B49CE92BFE2275004EF67D /* Build configuration list for PBXProject "IOSTraining" */ = {
			isa = XCConfigurationList;
			buildConfigurations = (
				22B49D002BFE2276004EF67D /* Debug */,
				22B49D012BFE2276004EF67D /* Release */,
			);
			defaultConfigurationIsVisible = 0;
			defaultConfigurationName = Release;
		};
		22B49D022BFE2276004EF67D /* Build configuration list for PBXNativeTarget "IOSTraining" */ = {
			isa = XCConfigurationList;
			buildConfigurations = (
				22B49D032BFE2276004EF67D /* Debug */,
				22B49D042BFE2276004EF67D /* Release */,
			);
			defaultConfigurationIsVisible = 0;
			defaultConfigurationName = Release;
		};
		22F2573F2C2AEE68007D9A47 /* Build configuration list for PBXNativeTarget "IOSTrainingTests" */ = {
			isa = XCConfigurationList;
			buildConfigurations = (
				22F2573D2C2AEE68007D9A47 /* Debug */,
				22F2573E2C2AEE68007D9A47 /* Release */,
			);
			defaultConfigurationIsVisible = 0;
			defaultConfigurationName = Release;
		};
/* End XCConfigurationList section */

/* Begin XCRemoteSwiftPackageReference section */
		22052E0B2C11E0A2001AC0A2 /* XCRemoteSwiftPackageReference "ios-training" */ = {
			isa = XCRemoteSwiftPackageReference;
			repositoryURL = "https://github.com/yumemi-inc/ios-training.git";
			requirement = {
				branch = main;
				kind = branch;
			};
		};
/* End XCRemoteSwiftPackageReference section */

/* Begin XCSwiftPackageProductDependency section */
		22052E0C2C11E0A2001AC0A2 /* YumemiWeather */ = {
			isa = XCSwiftPackageProductDependency;
			package = 22052E0B2C11E0A2001AC0A2 /* XCRemoteSwiftPackageReference "ios-training" */;
			productName = YumemiWeather;
		};
/* End XCSwiftPackageProductDependency section */
	};
	rootObject = 22B49CE62BFE2275004EF67D /* Project object */;
}
